
Microsoft Visual Studio Solution File, Format Version 12.00
# Visual Studio 2012
Project("{FAE04EC0-301F-11D3-BF4B-00C04F79EFBC}") = "AngularJS_ServiceStack_Starter.Web", "AngularJS-ServiceStack-Starter.Web\AngularJS_ServiceStack_Starter.Web.csproj", "{B94DD63A-EEB0-4FD3-80D7-2BD79F868D20}"
EndProject
Project("{FAE04EC0-301F-11D3-BF4B-00C04F79EFBC}") = "AngularJS_ServiceStack_Starter.Core", "AngularJS-ServiceStack-Starter.Core\AngularJS_ServiceStack_Starter.Core.csproj", "{74BF3253-1C55-4D4E-B4E1-2CF58F83BEEB}"
EndProject
Project("{2150E333-8FDC-42A3-9474-1A3956D46DE8}") = ".nuget", ".nuget", "{2EBF62A2-0437-4803-A9BB-D79B90A9DA1A}"
	ProjectSection(SolutionItems) = preProject
		.nuget\NuGet.Config = .nuget\NuGet.Config
		.nuget\NuGet.exe = .nuget\NuGet.exe
		.nuget\NuGet.targets = .nuget\NuGet.targets
	EndProjectSection
EndProject
Project("{FAE04EC0-301F-11D3-BF4B-00C04F79EFBC}") = "AngularJS_ServiceStack_Starter.Tests", "AngularJS-ServiceStack-Starter.Tests\AngularJS_ServiceStack_Starter.Tests.csproj", "{B24DF7F0-CCD9-49CC-B41E-135D4BCAE95B}"
EndProject
Global
	GlobalSection(SolutionConfigurationPlatforms) = preSolution
		Debug|Any CPU = Debug|Any CPU
		Release|Any CPU = Release|Any CPU
	EndGlobalSection
	GlobalSection(ProjectConfigurationPlatforms) = postSolution
		{B94DD63A-EEB0-4FD3-80D7-2BD79F868D20}.Debug|Any CPU.ActiveCfg = Debug|Any CPU
		{B94DD63A-EEB0-4FD3-80D7-2BD79F868D20}.Debug|Any CPU.Build.0 = Debug|Any CPU
		{B94DD63A-EEB0-4FD3-80D7-2BD79F868D20}.Release|Any CPU.ActiveCfg = Release|Any CPU
		{B94DD63A-EEB0-4FD3-80D7-2BD79F868D20}.Release|Any CPU.Build.0 = Release|Any CPU
		{74BF3253-1C55-4D4E-B4E1-2CF58F83BEEB}.Debug|Any CPU.ActiveCfg = Debug|Any CPU
		{74BF3253-1C55-4D4E-B4E1-2CF58F83BEEB}.Debug|Any CPU.Build.0 = Debug|Any CPU
		{74BF3253-1C55-4D4E-B4E1-2CF58F83BEEB}.Release|Any CPU.ActiveCfg = Release|Any CPU
		{74BF3253-1C55-4D4E-B4E1-2CF58F83BEEB}.Release|Any CPU.Build.0 = Release|Any CPU
		{B24DF7F0-CCD9-49CC-B41E-135D4BCAE95B}.Debug|Any CPU.ActiveCfg = Debug|Any CPU
		{B24DF7F0-CCD9-49CC-B41E-135D4BCAE95B}.Debug|Any CPU.Build.0 = Debug|Any CPU
		{B24DF7F0-CCD9-49CC-B41E-135D4BCAE95B}.Release|Any CPU.ActiveCfg = Release|Any CPU
		{B24DF7F0-CCD9-49CC-B41E-135D4BCAE95B}.Release|Any CPU.Build.0 = Release|Any CPU
	EndGlobalSection
	GlobalSection(SolutionProperties) = preSolution
		HideSolutionNode = FALSE
	EndGlobalSection
EndGlobal
